
Microsoft Visual Studio Solution File, Format Version 12.00
# Visual Studio 15
VisualStudioVersion = 15.0.27428.2043
MinimumVisualStudioVersion = 10.0.40219.1
Project("{FAE04EC0-301F-11D3-BF4B-00C04F79EFBC}") = "Tc.Core", "Tc.Core\Tc.Core.csproj", "{B6BAFF8C-E2F5-46E8-890B-61FAA07E4371}"
EndProject
Project("{FAE04EC0-301F-11D3-BF4B-00C04F79EFBC}") = "Tc.Web", "Tc.Web\Tc.Web.csproj", "{8EF3311E-43F2-44D0-AEDF-61988127D585}"
EndProject
Project("{FAE04EC0-301F-11D3-BF4B-00C04F79EFBC}") = "Tc.Domain", "Tc.Domain\Tc.Domain.csproj", "{314D1D94-7D88-4868-A0E1-F071A7C1B093}"
EndProject
Global
	GlobalSection(SolutionConfigurationPlatforms) = preSolution
		Debug|Any CPU = Debug|Any CPU
		Release|Any CPU = Release|Any CPU
	EndGlobalSection
	GlobalSection(ProjectConfigurationPlatforms) = postSolution
		{B6BAFF8C-E2F5-46E8-890B-61FAA07E4371}.Debug|Any CPU.ActiveCfg = Debug|Any CPU
		{B6BAFF8C-E2F5-46E8-890B-61FAA07E4371}.Debug|Any CPU.Build.0 = Debug|Any CPU
		{B6BAFF8C-E2F5-46E8-890B-61FAA07E4371}.Release|Any CPU.ActiveCfg = Release|Any CPU
		{B6BAFF8C-E2F5-46E8-890B-61FAA07E4371}.Release|Any CPU.Build.0 = Release|Any CPU
		{8EF3311E-43F2-44D0-AEDF-61988127D585}.Debug|Any CPU.ActiveCfg = Debug|Any CPU
		{8EF3311E-43F2-44D0-AEDF-61988127D585}.Debug|Any CPU.Build.0 = Debug|Any CPU
		{8EF3311E-43F2-44D0-AEDF-61988127D585}.Release|Any CPU.ActiveCfg = Release|Any CPU
		{8EF3311E-43F2-44D0-AEDF-61988127D585}.Release|Any CPU.Build.0 = Release|Any CPU
		{314D1D94-7D88-4868-A0E1-F071A7C1B093}.Debug|Any CPU.ActiveCfg = Debug|Any CPU
		{314D1D94-7D88-4868-A0E1-F071A7C1B093}.Debug|Any CPU.Build.0 = Debug|Any CPU
		{314D1D94-7D88-4868-A0E1-F071A7C1B093}.Release|Any CPU.ActiveCfg = Release|Any CPU
		{314D1D94-7D88-4868-A0E1-F071A7C1B093}.Release|Any CPU.Build.0 = Release|Any CPU
	EndGlobalSection
	GlobalSection(SolutionProperties) = preSolution
		HideSolutionNode = FALSE
	EndGlobalSection
	GlobalSection(ExtensibilityGlobals) = postSolution
		SolutionGuid = {5D2CB61F-C959-41C3-A0EB-911374426ABB}
	EndGlobalSection
EndGlobal
